
Microsoft Visual Studio Solution File, Format Version 11.00
# Visual Studio 2010
Project("{FAE04EC0-301F-11D3-BF4B-00C04F79EFBC}") = "PHolaGtk", "PHolaGtk\PHolaGtk.csproj", "{39AB66C4-5ACA-4499-9206-6E568B085F54}"
EndProject
Global
	GlobalSection(SolutionConfigurationPlatforms) = preSolution
		Debug|x86 = Debug|x86
		Release|x86 = Release|x86
	EndGlobalSection
	GlobalSection(ProjectConfigurationPlatforms) = postSolution
		{39AB66C4-5ACA-4499-9206-6E568B085F54}.Debug|x86.ActiveCfg = Debug|x86
		{39AB66C4-5ACA-4499-9206-6E568B085F54}.Debug|x86.Build.0 = Debug|x86
		{39AB66C4-5ACA-4499-9206-6E568B085F54}.Release|x86.ActiveCfg = Release|x86
		{39AB66C4-5ACA-4499-9206-6E568B085F54}.Release|x86.Build.0 = Release|x86
	EndGlobalSection
	GlobalSection(MonoDevelopProperties) = preSolution
		StartupItem = PHolaGtk\PHolaGtk.csproj
	EndGlobalSection
EndGlobal
